
Microsoft Visual Studio Solution File, Format Version 12.00
Project("{FAE04EC0-301F-11D3-BF4B-00C04F79EFBC}") = "apbd_06", "apbd_06.csproj", "{120EF52C-CFA4-498D-AB3A-ED8DA97BE5A7}"
EndProject
Global
	GlobalSection(SolutionConfigurationPlatforms) = preSolution
		Debug|Any CPU = Debug|Any CPU
		Release|Any CPU = Release|Any CPU
	EndGlobalSection
	GlobalSection(ProjectConfigurationPlatforms) = postSolution
		{120EF52C-CFA4-498D-AB3A-ED8DA97BE5A7}.Debug|Any CPU.ActiveCfg = Debug|Any CPU
		{120EF52C-CFA4-498D-AB3A-ED8DA97BE5A7}.Debug|Any CPU.Build.0 = Debug|Any CPU
		{120EF52C-CFA4-498D-AB3A-ED8DA97BE5A7}.Release|Any CPU.ActiveCfg = Release|Any CPU
		{120EF52C-CFA4-498D-AB3A-ED8DA97BE5A7}.Release|Any CPU.Build.0 = Release|Any CPU
	EndGlobalSection
EndGlobal
